
Microsoft Visual Studio Solution File, Format Version 12.00
# Visual Studio Version 17
VisualStudioVersion = 17.4.33213.308
MinimumVisualStudioVersion = 10.0.40219.1
Project("{FAE04EC0-301F-11D3-BF4B-00C04F79EFBC}") = "BakanovAuto", "BakanovAuto\BakanovAuto.csproj", "{86B696BC-23A4-4904-8AD6-484DDC481270}"
EndProject
Global
	GlobalSection(SolutionConfigurationPlatforms) = preSolution
		Debug|Any CPU = Debug|Any CPU
		Release|Any CPU = Release|Any CPU
	EndGlobalSection
	GlobalSection(ProjectConfigurationPlatforms) = postSolution
		{86B696BC-23A4-4904-8AD6-484DDC481270}.Debug|Any CPU.ActiveCfg = Debug|Any CPU
		{86B696BC-23A4-4904-8AD6-484DDC481270}.Debug|Any CPU.Build.0 = Debug|Any CPU
		{86B696BC-23A4-4904-8AD6-484DDC481270}.Release|Any CPU.ActiveCfg = Release|Any CPU
		{86B696BC-23A4-4904-8AD6-484DDC481270}.Release|Any CPU.Build.0 = Release|Any CPU
	EndGlobalSection
	GlobalSection(SolutionProperties) = preSolution
		HideSolutionNode = FALSE
	EndGlobalSection
	GlobalSection(ExtensibilityGlobals) = postSolution
		SolutionGuid = {0F644B06-FC66-4116-B497-CA7CBB74BC8A}
	EndGlobalSection
EndGlobal
